
Microsoft Visual Studio Solution File, Format Version 12.00
# Visual Studio Version 17
VisualStudioVersion = 17.6.33815.320
MinimumVisualStudioVersion = 10.0.40219.1
Project("{FAE04EC0-301F-11D3-BF4B-00C04F79EFBC}") = "VTA", "VTA\VTA.csproj", "{D759327D-72DD-44A3-81CB-23E164371C22}"
EndProject
Global
	GlobalSection(SolutionConfigurationPlatforms) = preSolution
		Debug|Any CPU = Debug|Any CPU
		Release|Any CPU = Release|Any CPU
	EndGlobalSection
	GlobalSection(ProjectConfigurationPlatforms) = postSolution
		{D759327D-72DD-44A3-81CB-23E164371C22}.Debug|Any CPU.ActiveCfg = Debug|Any CPU
		{D759327D-72DD-44A3-81CB-23E164371C22}.Debug|Any CPU.Build.0 = Debug|Any CPU
		{D759327D-72DD-44A3-81CB-23E164371C22}.Release|Any CPU.ActiveCfg = Release|Any CPU
		{D759327D-72DD-44A3-81CB-23E164371C22}.Release|Any CPU.Build.0 = Release|Any CPU
	EndGlobalSection
	GlobalSection(SolutionProperties) = preSolution
		HideSolutionNode = FALSE
	EndGlobalSection
	GlobalSection(ExtensibilityGlobals) = postSolution
		SolutionGuid = {905B4E11-D9DC-4FE2-8932-0E714A6293B7}
	EndGlobalSection
EndGlobal
